
Microsoft Visual Studio Solution File, Format Version 12.00
# Visual Studio Version 16
VisualStudioVersion = 16.0.31424.327
MinimumVisualStudioVersion = 10.0.40219.1
Project("{FAE04EC0-301F-11D3-BF4B-00C04F79EFBC}") = "csDNact3", "csDNact3.csproj", "{6AC05DF6-7EF8-40CB-8461-3E1C4D59AFFD}"
EndProject
Global
	GlobalSection(SolutionConfigurationPlatforms) = preSolution
		Debug|Any CPU = Debug|Any CPU
		Release|Any CPU = Release|Any CPU
	EndGlobalSection
	GlobalSection(ProjectConfigurationPlatforms) = postSolution
		{6AC05DF6-7EF8-40CB-8461-3E1C4D59AFFD}.Debug|Any CPU.ActiveCfg = Debug|Any CPU
		{6AC05DF6-7EF8-40CB-8461-3E1C4D59AFFD}.Debug|Any CPU.Build.0 = Debug|Any CPU
		{6AC05DF6-7EF8-40CB-8461-3E1C4D59AFFD}.Release|Any CPU.ActiveCfg = Release|Any CPU
		{6AC05DF6-7EF8-40CB-8461-3E1C4D59AFFD}.Release|Any CPU.Build.0 = Release|Any CPU
	EndGlobalSection
	GlobalSection(SolutionProperties) = preSolution
		HideSolutionNode = FALSE
	EndGlobalSection
	GlobalSection(ExtensibilityGlobals) = postSolution
		SolutionGuid = {85B89DDC-EE90-4FC9-B853-D9E3980F780E}
	EndGlobalSection
EndGlobal
